
Microsoft Visual Studio Solution File, Format Version 12.00
# Visual Studio 15
VisualStudioVersion = 15.0.27703.2042
MinimumVisualStudioVersion = 10.0.40219.1
Project("{FAE04EC0-301F-11D3-BF4B-00C04F79EFBC}") = "ChromaDesignConverter", "ChromaDesignConverter.csproj", "{063E4BBA-C16A-4460-B063-60809CC4C2B9}"
EndProject
Global
	GlobalSection(SolutionConfigurationPlatforms) = preSolution
		Debug|Any CPU = Debug|Any CPU
		Release|Any CPU = Release|Any CPU
	EndGlobalSection
	GlobalSection(ProjectConfigurationPlatforms) = postSolution
		{063E4BBA-C16A-4460-B063-60809CC4C2B9}.Debug|Any CPU.ActiveCfg = Debug|Any CPU
		{063E4BBA-C16A-4460-B063-60809CC4C2B9}.Debug|Any CPU.Build.0 = Debug|Any CPU
		{063E4BBA-C16A-4460-B063-60809CC4C2B9}.Release|Any CPU.ActiveCfg = Release|Any CPU
		{063E4BBA-C16A-4460-B063-60809CC4C2B9}.Release|Any CPU.Build.0 = Release|Any CPU
	EndGlobalSection
	GlobalSection(SolutionProperties) = preSolution
		HideSolutionNode = FALSE
	EndGlobalSection
	GlobalSection(ExtensibilityGlobals) = postSolution
		SolutionGuid = {7BAC45E7-1290-4EFA-A385-1D5DF7F8B5F1}
	EndGlobalSection
EndGlobal
